
Microsoft Visual Studio Solution File, Format Version 12.00
# Visual Studio Version 17
VisualStudioVersion = 17.4.33213.308
MinimumVisualStudioVersion = 10.0.40219.1
Project("{8BC9CEB8-8B4A-11D0-8D11-00A0C91BC942}") = "Anack_Engine", "Anack_Engine\Anack_Engine.vcxproj", "{9CADB036-192D-47DD-9C9C-39672E8BD2DA}"
EndProject
Project("{8BC9CEB8-8B4A-11D0-8D11-00A0C91BC942}") = "Engine_SOURCE", "Engine_SOURCE\Engine_SOURCE.vcxproj", "{3986FA93-CEC8-41F3-88FF-CFE8B75F936F}"
EndProject
Project("{8BC9CEB8-8B4A-11D0-8D11-00A0C91BC942}") = "Shader_SOURCE", "Shader_SOURCE\Shader_SOURCE.vcxitems", "{888BF2F5-531F-4D47-91B2-FB7A21D7CD9B}"
EndProject
Global
	GlobalSection(SolutionConfigurationPlatforms) = preSolution
		Debug|x64 = Debug|x64
		Debug|x86 = Debug|x86
		Release|x64 = Release|x64
		Release|x86 = Release|x86
	EndGlobalSection
	GlobalSection(ProjectConfigurationPlatforms) = postSolution
		{9CADB036-192D-47DD-9C9C-39672E8BD2DA}.Debug|x64.ActiveCfg = Debug|x64
		{9CADB036-192D-47DD-9C9C-39672E8BD2DA}.Debug|x64.Build.0 = Debug|x64
		{9CADB036-192D-47DD-9C9C-39672E8BD2DA}.Debug|x86.ActiveCfg = Debug|Win32
		{9CADB036-192D-47DD-9C9C-39672E8BD2DA}.Debug|x86.Build.0 = Debug|Win32
		{9CADB036-192D-47DD-9C9C-39672E8BD2DA}.Release|x64.ActiveCfg = Release|x64
		{9CADB036-192D-47DD-9C9C-39672E8BD2DA}.Release|x64.Build.0 = Release|x64
		{9CADB036-192D-47DD-9C9C-39672E8BD2DA}.Release|x86.ActiveCfg = Release|Win32
		{9CADB036-192D-47DD-9C9C-39672E8BD2DA}.Release|x86.Build.0 = Release|Win32
		{3986FA93-CEC8-41F3-88FF-CFE8B75F936F}.Debug|x64.ActiveCfg = Debug|x64
		{3986FA93-CEC8-41F3-88FF-CFE8B75F936F}.Debug|x64.Build.0 = Debug|x64
		{3986FA93-CEC8-41F3-88FF-CFE8B75F936F}.Debug|x86.ActiveCfg = Debug|Win32
		{3986FA93-CEC8-41F3-88FF-CFE8B75F936F}.Debug|x86.Build.0 = Debug|Win32
		{3986FA93-CEC8-41F3-88FF-CFE8B75F936F}.Release|x64.ActiveCfg = Release|x64
		{3986FA93-CEC8-41F3-88FF-CFE8B75F936F}.Release|x64.Build.0 = Release|x64
		{3986FA93-CEC8-41F3-88FF-CFE8B75F936F}.Release|x86.ActiveCfg = Release|Win32
		{3986FA93-CEC8-41F3-88FF-CFE8B75F936F}.Release|x86.Build.0 = Release|Win32
	EndGlobalSection
	GlobalSection(SolutionProperties) = preSolution
		HideSolutionNode = FALSE
	EndGlobalSection
	GlobalSection(ExtensibilityGlobals) = postSolution
		SolutionGuid = {5A3FA6E0-2309-4AFE-987D-A875D67C1ADA}
	EndGlobalSection
EndGlobal
